// !$*UTF8*$!
{
	archiveVersion = 1;
	classes = {
	};
	objectVersion = 50;
	objects = {

/* Begin PBXBuildFile section */
		104591CA2371805200514593 /* NetworkError.swift in Sources */ = {isa = PBXBuildFile; fileRef = 104591C92371805200514593 /* NetworkError.swift */; };
		10704E46235E48F40093FA4C /* LaunchScreen.storyboard in Resources */ = {isa = PBXBuildFile; fileRef = 10704E3B235E48F40093FA4C /* LaunchScreen.storyboard */; };
		10704E47235E48F40093FA4C /* AppDelegate.swift in Sources */ = {isa = PBXBuildFile; fileRef = 10704E3E235E48F40093FA4C /* AppDelegate.swift */; };
		10704E48235E48F40093FA4C /* SceneDelegate.swift in Sources */ = {isa = PBXBuildFile; fileRef = 10704E3F235E48F40093FA4C /* SceneDelegate.swift */; };
		10704E49235E48F40093FA4C /* Assets.xcassets in Resources */ = {isa = PBXBuildFile; fileRef = 10704E43235E48F40093FA4C /* Assets.xcassets */; };
		10A4526F2364A18F009EF96E /* APIConstants.swift in Sources */ = {isa = PBXBuildFile; fileRef = 10A4526E2364A18F009EF96E /* APIConstants.swift */; };
		10A452712365BE76009EF96E /* NetworkManager.swift in Sources */ = {isa = PBXBuildFile; fileRef = 10A452702365BE76009EF96E /* NetworkManager.swift */; };
		10A452742365C779009EF96E /* Photo.swift in Sources */ = {isa = PBXBuildFile; fileRef = 10A452732365C779009EF96E /* Photo.swift */; };
		10A452762365C87A009EF96E /* Photos.swift in Sources */ = {isa = PBXBuildFile; fileRef = 10A452752365C87A009EF96E /* Photos.swift */; };
		10A452782365C959009EF96E /* ImageService.swift in Sources */ = {isa = PBXBuildFile; fileRef = 10A452772365C959009EF96E /* ImageService.swift */; };
		10A4527A2365CF76009EF96E /* Response.swift in Sources */ = {isa = PBXBuildFile; fileRef = 10A452792365CF76009EF96E /* Response.swift */; };
		10A4527C2365DA8D009EF96E /* FailableDecodable.swift in Sources */ = {isa = PBXBuildFile; fileRef = 10A4527B2365DA8D009EF96E /* FailableDecodable.swift */; };
		10A4527E23677F05009EF96E /* LocationService.swift in Sources */ = {isa = PBXBuildFile; fileRef = 10A4527D23677F05009EF96E /* LocationService.swift */; };
		10D0460D236212B0004DD3B3 /* Reusable.swift in Sources */ = {isa = PBXBuildFile; fileRef = 10D0460C236212B0004DD3B3 /* Reusable.swift */; };
		10D0460F236212CF004DD3B3 /* UITableView+Reusable.swift in Sources */ = {isa = PBXBuildFile; fileRef = 10D0460E236212CF004DD3B3 /* UITableView+Reusable.swift */; };
		10D0461123621343004DD3B3 /* UIView+Nib.swift in Sources */ = {isa = PBXBuildFile; fileRef = 10D0461023621343004DD3B3 /* UIView+Nib.swift */; };
		10D04616236232CF004DD3B3 /* ImageTableViewCell.swift in Sources */ = {isa = PBXBuildFile; fileRef = 10D04615236232CF004DD3B3 /* ImageTableViewCell.swift */; };
		10D04619236233C3004DD3B3 /* Layout.swift in Sources */ = {isa = PBXBuildFile; fileRef = 10D04618236233C3004DD3B3 /* Layout.swift */; };
		10D20A68235F8E90001F55B0 /* Coordinator.swift in Sources */ = {isa = PBXBuildFile; fileRef = 10D20A67235F8E90001F55B0 /* Coordinator.swift */; };
		10D20A6A235F8EE6001F55B0 /* RootCoordinator.swift in Sources */ = {isa = PBXBuildFile; fileRef = 10D20A69235F8EE6001F55B0 /* RootCoordinator.swift */; };
		10D20A6D235F9161001F55B0 /* ImageListCoordinator.swift in Sources */ = {isa = PBXBuildFile; fileRef = 10D20A6C235F9161001F55B0 /* ImageListCoordinator.swift */; };
		10D20A6F235F9200001F55B0 /* ImageListViewController.swift in Sources */ = {isa = PBXBuildFile; fileRef = 10D20A6E235F9200001F55B0 /* ImageListViewController.swift */; };
		10D20A71235F920F001F55B0 /* ImageListViewModel.swift in Sources */ = {isa = PBXBuildFile; fileRef = 10D20A70235F920F001F55B0 /* ImageListViewModel.swift */; };
/* End PBXBuildFile section */

/* Begin PBXFileReference section */
		104591C92371805200514593 /* NetworkError.swift */ = {isa = PBXFileReference; lastKnownFileType = sourcecode.swift; path = NetworkError.swift; sourceTree = "<group>"; };
		10704E22235E434D0093FA4C /* Komoot.app */ = {isa = PBXFileReference; explicitFileType = wrapper.application; includeInIndex = 0; path = Komoot.app; sourceTree = BUILT_PRODUCTS_DIR; };
		10704E3C235E48F40093FA4C /* Base */ = {isa = PBXFileReference; lastKnownFileType = file.storyboard; name = Base; path = Base.lproj/LaunchScreen.storyboard; sourceTree = "<group>"; };
		10704E3E235E48F40093FA4C /* AppDelegate.swift */ = {isa = PBXFileReference; fileEncoding = 4; lastKnownFileType = sourcecode.swift; path = AppDelegate.swift; sourceTree = "<group>"; };
		10704E3F235E48F40093FA4C /* SceneDelegate.swift */ = {isa = PBXFileReference; fileEncoding = 4; lastKnownFileType = sourcecode.swift; path = SceneDelegate.swift; sourceTree = "<group>"; };
		10704E43235E48F40093FA4C /* Assets.xcassets */ = {isa = PBXFileReference; lastKnownFileType = folder.assetcatalog; path = Assets.xcassets; sourceTree = "<group>"; };
		10704E45235E48F40093FA4C /* Info.plist */ = {isa = PBXFileReference; fileEncoding = 4; lastKnownFileType = text.plist.xml; path = Info.plist; sourceTree = "<group>"; };
		10A4526E2364A18F009EF96E /* APIConstants.swift */ = {isa = PBXFileReference; lastKnownFileType = sourcecode.swift; path = APIConstants.swift; sourceTree = "<group>"; };
		10A452702365BE76009EF96E /* NetworkManager.swift */ = {isa = PBXFileReference; lastKnownFileType = sourcecode.swift; path = NetworkManager.swift; sourceTree = "<group>"; };
		10A452732365C779009EF96E /* Photo.swift */ = {isa = PBXFileReference; lastKnownFileType = sourcecode.swift; path = Photo.swift; sourceTree = "<group>"; };
		10A452752365C87A009EF96E /* Photos.swift */ = {isa = PBXFileReference; lastKnownFileType = sourcecode.swift; path = Photos.swift; sourceTree = "<group>"; };
		10A452772365C959009EF96E /* ImageService.swift */ = {isa = PBXFileReference; lastKnownFileType = sourcecode.swift; path = ImageService.swift; sourceTree = "<group>"; };
		10A452792365CF76009EF96E /* Response.swift */ = {isa = PBXFileReference; lastKnownFileType = sourcecode.swift; path = Response.swift; sourceTree = "<group>"; };
		10A4527B2365DA8D009EF96E /* FailableDecodable.swift */ = {isa = PBXFileReference; lastKnownFileType = sourcecode.swift; path = FailableDecodable.swift; sourceTree = "<group>"; };
		10A4527D23677F05009EF96E /* LocationService.swift */ = {isa = PBXFileReference; lastKnownFileType = sourcecode.swift; path = LocationService.swift; sourceTree = "<group>"; };
		10D0460C236212B0004DD3B3 /* Reusable.swift */ = {isa = PBXFileReference; lastKnownFileType = sourcecode.swift; path = Reusable.swift; sourceTree = "<group>"; };
		10D0460E236212CF004DD3B3 /* UITableView+Reusable.swift */ = {isa = PBXFileReference; lastKnownFileType = sourcecode.swift; path = "UITableView+Reusable.swift"; sourceTree = "<group>"; };
		10D0461023621343004DD3B3 /* UIView+Nib.swift */ = {isa = PBXFileReference; lastKnownFileType = sourcecode.swift; path = "UIView+Nib.swift"; sourceTree = "<group>"; };
		10D04615236232CF004DD3B3 /* ImageTableViewCell.swift */ = {isa = PBXFileReference; lastKnownFileType = sourcecode.swift; path = ImageTableViewCell.swift; sourceTree = "<group>"; };
		10D04618236233C3004DD3B3 /* Layout.swift */ = {isa = PBXFileReference; lastKnownFileType = sourcecode.swift; path = Layout.swift; sourceTree = "<group>"; };
		10D20A67235F8E90001F55B0 /* Coordinator.swift */ = {isa = PBXFileReference; lastKnownFileType = sourcecode.swift; path = Coordinator.swift; sourceTree = "<group>"; };
		10D20A69235F8EE6001F55B0 /* RootCoordinator.swift */ = {isa = PBXFileReference; lastKnownFileType = sourcecode.swift; path = RootCoordinator.swift; sourceTree = "<group>"; };
		10D20A6C235F9161001F55B0 /* ImageListCoordinator.swift */ = {isa = PBXFileReference; lastKnownFileType = sourcecode.swift; path = ImageListCoordinator.swift; sourceTree = "<group>"; };
		10D20A6E235F9200001F55B0 /* ImageListViewController.swift */ = {isa = PBXFileReference; lastKnownFileType = sourcecode.swift; path = ImageListViewController.swift; sourceTree = "<group>"; };
		10D20A70235F920F001F55B0 /* ImageListViewModel.swift */ = {isa = PBXFileReference; lastKnownFileType = sourcecode.swift; path = ImageListViewModel.swift; sourceTree = "<group>"; };
/* End PBXFileReference section */

/* Begin PBXFrameworksBuildPhase section */
		10704E1F235E434D0093FA4C /* Frameworks */ = {
			isa = PBXFrameworksBuildPhase;
			buildActionMask = 2147483647;
			files = (
			);
			runOnlyForDeploymentPostprocessing = 0;
		};
/* End PBXFrameworksBuildPhase section */

/* Begin PBXGroup section */
		104591C82371803000514593 /* Errors */ = {
			isa = PBXGroup;
			children = (
				104591C92371805200514593 /* NetworkError.swift */,
			);
			path = Errors;
			sourceTree = "<group>";
		};
		10704E19235E434D0093FA4C = {
			isa = PBXGroup;
			children = (
				10704E24235E434D0093FA4C /* Komoot */,
				10704E23235E434D0093FA4C /* Products */,
			);
			sourceTree = "<group>";
		};
		10704E23235E434D0093FA4C /* Products */ = {
			isa = PBXGroup;
			children = (
				10704E22235E434D0093FA4C /* Komoot.app */,
			);
			name = Products;
			sourceTree = "<group>";
		};
		10704E24235E434D0093FA4C /* Komoot */ = {
			isa = PBXGroup;
			children = (
				10704E39235E48F40093FA4C /* Classes */,
				10704E41235E48F40093FA4C /* Resources */,
				10704E44235E48F40093FA4C /* Supporting Files */,
			);
			path = Komoot;
			sourceTree = "<group>";
		};
		10704E39235E48F40093FA4C /* Classes */ = {
			isa = PBXGroup;
			children = (
				10D046172362339A004DD3B3 /* Constants */,
				10704E3D235E48F40093FA4C /* Main */,
				10A4526B2364A15E009EF96E /* Logic */,
				10704E40235E48F40093FA4C /* User Interface */,
			);
			path = Classes;
			sourceTree = "<group>";
		};
		10704E3D235E48F40093FA4C /* Main */ = {
			isa = PBXGroup;
			children = (
				10704E3E235E48F40093FA4C /* AppDelegate.swift */,
				10704E3F235E48F40093FA4C /* SceneDelegate.swift */,
			);
			path = Main;
			sourceTree = "<group>";
		};
		10704E40235E48F40093FA4C /* User Interface */ = {
			isa = PBXGroup;
			children = (
				10D0461223623285004DD3B3 /* Components */,
				10D20A65235F8E6B001F55B0 /* Flows */,
				10D0460A236212A4004DD3B3 /* Utilities */,
			);
			path = "User Interface";
			sourceTree = "<group>";
		};
		10704E41235E48F40093FA4C /* Resources */ = {
			isa = PBXGroup;
			children = (
				10704E42235E48F40093FA4C /* Images */,
				10704E3B235E48F40093FA4C /* LaunchScreen.storyboard */,
			);
			path = Resources;
			sourceTree = "<group>";
		};
		10704E42235E48F40093FA4C /* Images */ = {
			isa = PBXGroup;
			children = (
				10704E43235E48F40093FA4C /* Assets.xcassets */,
			);
			path = Images;
			sourceTree = "<group>";
		};
		10704E44235E48F40093FA4C /* Supporting Files */ = {
			isa = PBXGroup;
			children = (
				10704E45235E48F40093FA4C /* Info.plist */,
			);
			path = "Supporting Files";
			sourceTree = "<group>";
		};
		10A4526B2364A15E009EF96E /* Logic */ = {
			isa = PBXGroup;
			children = (
				10A452722365C730009EF96E /* Models */,
				10A4526C2364A15E009EF96E /* Networking */,
				10A4526D2364A15E009EF96E /* Services */,
			);
			path = Logic;
			sourceTree = "<group>";
		};
		10A4526C2364A15E009EF96E /* Networking */ = {
			isa = PBXGroup;
			children = (
				104591C82371803000514593 /* Errors */,
				10A452702365BE76009EF96E /* NetworkManager.swift */,
			);
			path = Networking;
			sourceTree = "<group>";
		};
		10A4526D2364A15E009EF96E /* Services */ = {
			isa = PBXGroup;
			children = (
				10A452772365C959009EF96E /* ImageService.swift */,
				10A4527D23677F05009EF96E /* LocationService.swift */,
			);
			path = Services;
			sourceTree = "<group>";
		};
		10A452722365C730009EF96E /* Models */ = {
			isa = PBXGroup;
			children = (
				10A4527B2365DA8D009EF96E /* FailableDecodable.swift */,
				10A452732365C779009EF96E /* Photo.swift */,
				10A452752365C87A009EF96E /* Photos.swift */,
				10A452792365CF76009EF96E /* Response.swift */,
			);
			path = Models;
			sourceTree = "<group>";
		};
		10D0460A236212A4004DD3B3 /* Utilities */ = {
			isa = PBXGroup;
			children = (
				10D0460B236212A4004DD3B3 /* Reusable */,
				10D0461023621343004DD3B3 /* UIView+Nib.swift */,
			);
			path = Utilities;
			sourceTree = "<group>";
		};
		10D0460B236212A4004DD3B3 /* Reusable */ = {
			isa = PBXGroup;
			children = (
				10D0460C236212B0004DD3B3 /* Reusable.swift */,
				10D0460E236212CF004DD3B3 /* UITableView+Reusable.swift */,
			);
			path = Reusable;
			sourceTree = "<group>";
		};
		10D0461223623285004DD3B3 /* Components */ = {
			isa = PBXGroup;
			children = (
				10D04613236232A1004DD3B3 /* Cells */,
			);
			path = Components;
			sourceTree = "<group>";
		};
		10D04613236232A1004DD3B3 /* Cells */ = {
			isa = PBXGroup;
			children = (
				10D04614236232A1004DD3B3 /* TableView */,
			);
			path = Cells;
			sourceTree = "<group>";
		};
		10D04614236232A1004DD3B3 /* TableView */ = {
			isa = PBXGroup;
			children = (
				10D04615236232CF004DD3B3 /* ImageTableViewCell.swift */,
			);
			path = TableView;
			sourceTree = "<group>";
		};
		10D046172362339A004DD3B3 /* Constants */ = {
			isa = PBXGroup;
			children = (
				10A4526E2364A18F009EF96E /* APIConstants.swift */,
				10D04618236233C3004DD3B3 /* Layout.swift */,
			);
			path = Constants;
			sourceTree = "<group>";
		};
		10D20A65235F8E6B001F55B0 /* Flows */ = {
			isa = PBXGroup;
			children = (
				10D20A67235F8E90001F55B0 /* Coordinator.swift */,
				10D20A66235F8E6B001F55B0 /* Root */,
				10D20A6B235F9133001F55B0 /* Image List */,
			);
			path = Flows;
			sourceTree = "<group>";
		};
		10D20A66235F8E6B001F55B0 /* Root */ = {
			isa = PBXGroup;
			children = (
				10D20A69235F8EE6001F55B0 /* RootCoordinator.swift */,
			);
			path = Root;
			sourceTree = "<group>";
		};
		10D20A6B235F9133001F55B0 /* Image List */ = {
			isa = PBXGroup;
			children = (
				10D20A6C235F9161001F55B0 /* ImageListCoordinator.swift */,
				10D20A6E235F9200001F55B0 /* ImageListViewController.swift */,
				10D20A70235F920F001F55B0 /* ImageListViewModel.swift */,
			);
			path = "Image List";
			sourceTree = "<group>";
		};
/* End PBXGroup section */

/* Begin PBXNativeTarget section */
		10704E21235E434D0093FA4C /* Komoot */ = {
			isa = PBXNativeTarget;
			buildConfigurationList = 10704E36235E434E0093FA4C /* Build configuration list for PBXNativeTarget "Komoot" */;
			buildPhases = (
				10704E1E235E434D0093FA4C /* Sources */,
				10704E1F235E434D0093FA4C /* Frameworks */,
				10704E20235E434D0093FA4C /* Resources */,
			);
			buildRules = (
			);
			dependencies = (
			);
			name = Komoot;
			productName = Komoot;
			productReference = 10704E22235E434D0093FA4C /* Komoot.app */;
			productType = "com.apple.product-type.application";
		};
/* End PBXNativeTarget section */

/* Begin PBXProject section */
		10704E1A235E434D0093FA4C /* Project object */ = {
			isa = PBXProject;
			attributes = {
				LastSwiftUpdateCheck = 1110;
				LastUpgradeCheck = 1110;
				ORGANIZATIONNAME = "Ani Eduard";
				TargetAttributes = {
					10704E21235E434D0093FA4C = {
						CreatedOnToolsVersion = 11.1;
					};
				};
			};
			buildConfigurationList = 10704E1D235E434D0093FA4C /* Build configuration list for PBXProject "Komoot" */;
			compatibilityVersion = "Xcode 9.3";
			developmentRegion = en;
			hasScannedForEncodings = 0;
			knownRegions = (
				en,
				Base,
			);
			mainGroup = 10704E19235E434D0093FA4C;
			productRefGroup = 10704E23235E434D0093FA4C /* Products */;
			projectDirPath = "";
			projectRoot = "";
			targets = (
				10704E21235E434D0093FA4C /* Komoot */,
			);
		};
/* End PBXProject section */

/* Begin PBXResourcesBuildPhase section */
		10704E20235E434D0093FA4C /* Resources */ = {
			isa = PBXResourcesBuildPhase;
			buildActionMask = 2147483647;
			files = (
				10704E49235E48F40093FA4C /* Assets.xcassets in Resources */,
				10704E46235E48F40093FA4C /* LaunchScreen.storyboard in Resources */,
			);
			runOnlyForDeploymentPostprocessing = 0;
		};
/* End PBXResourcesBuildPhase section */

/* Begin PBXSourcesBuildPhase section */
		10704E1E235E434D0093FA4C /* Sources */ = {
			isa = PBXSourcesBuildPhase;
			buildActionMask = 2147483647;
			files = (
				10A4527A2365CF76009EF96E /* Response.swift in Sources */,
				10D20A6F235F9200001F55B0 /* ImageListViewController.swift in Sources */,
				10A4527E23677F05009EF96E /* LocationService.swift in Sources */,
				10D20A71235F920F001F55B0 /* ImageListViewModel.swift in Sources */,
				10A4526F2364A18F009EF96E /* APIConstants.swift in Sources */,
				10D20A6D235F9161001F55B0 /* ImageListCoordinator.swift in Sources */,
				10A452762365C87A009EF96E /* Photos.swift in Sources */,
				10D04616236232CF004DD3B3 /* ImageTableViewCell.swift in Sources */,
				10D20A6A235F8EE6001F55B0 /* RootCoordinator.swift in Sources */,
				10D04619236233C3004DD3B3 /* Layout.swift in Sources */,
				10D0460F236212CF004DD3B3 /* UITableView+Reusable.swift in Sources */,
				10D0460D236212B0004DD3B3 /* Reusable.swift in Sources */,
				10A452742365C779009EF96E /* Photo.swift in Sources */,
				10704E47235E48F40093FA4C /* AppDelegate.swift in Sources */,
				10A4527C2365DA8D009EF96E /* FailableDecodable.swift in Sources */,
				104591CA2371805200514593 /* NetworkError.swift in Sources */,
				10A452712365BE76009EF96E /* NetworkManager.swift in Sources */,
				10A452782365C959009EF96E /* ImageService.swift in Sources */,
				10704E48235E48F40093FA4C /* SceneDelegate.swift in Sources */,
				10D0461123621343004DD3B3 /* UIView+Nib.swift in Sources */,
				10D20A68235F8E90001F55B0 /* Coordinator.swift in Sources */,
			);
			runOnlyForDeploymentPostprocessing = 0;
		};
/* End PBXSourcesBuildPhase section */

/* Begin PBXVariantGroup section */
		10704E3B235E48F40093FA4C /* LaunchScreen.storyboard */ = {
			isa = PBXVariantGroup;
			children = (
				10704E3C235E48F40093FA4C /* Base */,
			);
			name = LaunchScreen.storyboard;
			sourceTree = "<group>";
		};
/* End PBXVariantGroup section */

/* Begin XCBuildConfiguration section */
		10704E34235E434E0093FA4C /* Debug */ = {
			isa = XCBuildConfiguration;
			buildSettings = {
				ALWAYS_SEARCH_USER_PATHS = NO;
				CLANG_ANALYZER_NONNULL = YES;
				CLANG_ANALYZER_NUMBER_OBJECT_CONVERSION = YES_AGGRESSIVE;
				CLANG_CXX_LANGUAGE_STANDARD = "gnu++14";
				CLANG_CXX_LIBRARY = "libc++";
				CLANG_ENABLE_MODULES = YES;
				CLANG_ENABLE_OBJC_ARC = YES;
				CLANG_ENABLE_OBJC_WEAK = YES;
				CLANG_WARN_BLOCK_CAPTURE_AUTORELEASING = YES;
				CLANG_WARN_BOOL_CONVERSION = YES;
				CLANG_WARN_COMMA = YES;
				CLANG_WARN_CONSTANT_CONVERSION = YES;
				CLANG_WARN_DEPRECATED_OBJC_IMPLEMENTATIONS = YES;
				CLANG_WARN_DIRECT_OBJC_ISA_USAGE = YES_ERROR;
				CLANG_WARN_DOCUMENTATION_COMMENTS = YES;
				CLANG_WARN_EMPTY_BODY = YES;
				CLANG_WARN_ENUM_CONVERSION = YES;
				CLANG_WARN_INFINITE_RECURSION = YES;
				CLANG_WARN_INT_CONVERSION = YES;
				CLANG_WARN_NON_LITERAL_NULL_CONVERSION = YES;
				CLANG_WARN_OBJC_IMPLICIT_RETAIN_SELF = YES;
				CLANG_WARN_OBJC_LITERAL_CONVERSION = YES;
				CLANG_WARN_OBJC_ROOT_CLASS = YES_ERROR;
				CLANG_WARN_RANGE_LOOP_ANALYSIS = YES;
				CLANG_WARN_STRICT_PROTOTYPES = YES;
				CLANG_WARN_SUSPICIOUS_MOVE = YES;
				CLANG_WARN_UNGUARDED_AVAILABILITY = YES_AGGRESSIVE;
				CLANG_WARN_UNREACHABLE_CODE = YES;
				CLANG_WARN__DUPLICATE_METHOD_MATCH = YES;
				COPY_PHASE_STRIP = NO;
				DEBUG_INFORMATION_FORMAT = dwarf;
				ENABLE_STRICT_OBJC_MSGSEND = YES;
				ENABLE_TESTABILITY = YES;
				GCC_C_LANGUAGE_STANDARD = gnu11;
				GCC_DYNAMIC_NO_PIC = NO;
				GCC_NO_COMMON_BLOCKS = YES;
				GCC_OPTIMIZATION_LEVEL = 0;
				GCC_PREPROCESSOR_DEFINITIONS = (
					"DEBUG=1",
					"$(inherited)",
				);
				GCC_WARN_64_TO_32_BIT_CONVERSION = YES;
				GCC_WARN_ABOUT_RETURN_TYPE = YES_ERROR;
				GCC_WARN_UNDECLARED_SELECTOR = YES;
				GCC_WARN_UNINITIALIZED_AUTOS = YES_AGGRESSIVE;
				GCC_WARN_UNUSED_FUNCTION = YES;
				GCC_WARN_UNUSED_VARIABLE = YES;
				IPHONEOS_DEPLOYMENT_TARGET = 13.1;
				MTL_ENABLE_DEBUG_INFO = INCLUDE_SOURCE;
				MTL_FAST_MATH = YES;
				ONLY_ACTIVE_ARCH = YES;
				SDKROOT = iphoneos;
				SWIFT_ACTIVE_COMPILATION_CONDITIONS = DEBUG;
				SWIFT_OPTIMIZATION_LEVEL = "-Onone";
			};
			name = Debug;
		};
		10704E35235E434E0093FA4C /* Release */ = {
			isa = XCBuildConfiguration;
			buildSettings = {
				ALWAYS_SEARCH_USER_PATHS = NO;
				CLANG_ANALYZER_NONNULL = YES;
				CLANG_ANALYZER_NUMBER_OBJECT_CONVERSION = YES_AGGRESSIVE;
				CLANG_CXX_LANGUAGE_STANDARD = "gnu++14";
				CLANG_CXX_LIBRARY = "libc++";
				CLANG_ENABLE_MODULES = YES;
				CLANG_ENABLE_OBJC_ARC = YES;
				CLANG_ENABLE_OBJC_WEAK = YES;
				CLANG_WARN_BLOCK_CAPTURE_AUTORELEASING = YES;
				CLANG_WARN_BOOL_CONVERSION = YES;
				CLANG_WARN_COMMA = YES;
				CLANG_WARN_CONSTANT_CONVERSION = YES;
				CLANG_WARN_DEPRECATED_OBJC_IMPLEMENTATIONS = YES;
				CLANG_WARN_DIRECT_OBJC_ISA_USAGE = YES_ERROR;
				CLANG_WARN_DOCUMENTATION_COMMENTS = YES;
				CLANG_WARN_EMPTY_BODY = YES;
				CLANG_WARN_ENUM_CONVERSION = YES;
				CLANG_WARN_INFINITE_RECURSION = YES;
				CLANG_WARN_INT_CONVERSION = YES;
				CLANG_WARN_NON_LITERAL_NULL_CONVERSION = YES;
				CLANG_WARN_OBJC_IMPLICIT_RETAIN_SELF = YES;
				CLANG_WARN_OBJC_LITERAL_CONVERSION = YES;
				CLANG_WARN_OBJC_ROOT_CLASS = YES_ERROR;
				CLANG_WARN_RANGE_LOOP_ANALYSIS = YES;
				CLANG_WARN_STRICT_PROTOTYPES = YES;
				CLANG_WARN_SUSPICIOUS_MOVE = YES;
				CLANG_WARN_UNGUARDED_AVAILABILITY = YES_AGGRESSIVE;
				CLANG_WARN_UNREACHABLE_CODE = YES;
				CLANG_WARN__DUPLICATE_METHOD_MATCH = YES;
				COPY_PHASE_STRIP = NO;
				DEBUG_INFORMATION_FORMAT = "dwarf-with-dsym";
				ENABLE_NS_ASSERTIONS = NO;
				ENABLE_STRICT_OBJC_MSGSEND = YES;
				GCC_C_LANGUAGE_STANDARD = gnu11;
				GCC_NO_COMMON_BLOCKS = YES;
				GCC_WARN_64_TO_32_BIT_CONVERSION = YES;
				GCC_WARN_ABOUT_RETURN_TYPE = YES_ERROR;
				GCC_WARN_UNDECLARED_SELECTOR = YES;
				GCC_WARN_UNINITIALIZED_AUTOS = YES_AGGRESSIVE;
				GCC_WARN_UNUSED_FUNCTION = YES;
				GCC_WARN_UNUSED_VARIABLE = YES;
				IPHONEOS_DEPLOYMENT_TARGET = 13.1;
				MTL_ENABLE_DEBUG_INFO = NO;
				MTL_FAST_MATH = YES;
				SDKROOT = iphoneos;
				SWIFT_COMPILATION_MODE = wholemodule;
				SWIFT_OPTIMIZATION_LEVEL = "-O";
				VALIDATE_PRODUCT = YES;
			};
			name = Release;
		};
		10704E37235E434E0093FA4C /* Debug */ = {
			isa = XCBuildConfiguration;
			buildSettings = {
				ASSETCATALOG_COMPILER_APPICON_NAME = AppIcon;
				CODE_SIGN_IDENTITY = "Apple Development";
				CODE_SIGN_STYLE = Automatic;
				DEVELOPMENT_TEAM = J6ZM4T69MX;
				INFOPLIST_FILE = "$(SRCROOT)/Komoot/Supporting Files/Info.plist";
				LD_RUNPATH_SEARCH_PATHS = (
					"$(inherited)",
					"@executable_path/Frameworks",
				);
				MARKETING_VERSION = 1.0.0;
				PRODUCT_BUNDLE_IDENTIFIER = com.anieduard.komoot.imagefetcher;
				PRODUCT_NAME = "$(TARGET_NAME)";
				PROVISIONING_PROFILE_SPECIFIER = "";
				SWIFT_VERSION = 5.0;
				TARGETED_DEVICE_FAMILY = "1,2";
			};
			name = Debug;
		};
		10704E38235E434E0093FA4C /* Release */ = {
			isa = XCBuildConfiguration;
			buildSettings = {
				ASSETCATALOG_COMPILER_APPICON_NAME = AppIcon;
				CODE_SIGN_IDENTITY = "Apple Development";
				CODE_SIGN_STYLE = Automatic;
				DEVELOPMENT_TEAM = J6ZM4T69MX;
				INFOPLIST_FILE = "$(SRCROOT)/Komoot/Supporting Files/Info.plist";
				LD_RUNPATH_SEARCH_PATHS = (
					"$(inherited)",
					"@executable_path/Frameworks",
				);
				MARKETING_VERSION = 1.0.0;
				PRODUCT_BUNDLE_IDENTIFIER = com.anieduard.komoot.imagefetcher;
				PRODUCT_NAME = "$(TARGET_NAME)";
				PROVISIONING_PROFILE_SPECIFIER = "";
				SWIFT_VERSION = 5.0;
				TARGETED_DEVICE_FAMILY = "1,2";
			};
			name = Release;
		};
/* End XCBuildConfiguration section */

/* Begin XCConfigurationList section */
		10704E1D235E434D0093FA4C /* Build configuration list for PBXProject "Komoot" */ = {
			isa = XCConfigurationList;
			buildConfigurations = (
				10704E34235E434E0093FA4C /* Debug */,
				10704E35235E434E0093FA4C /* Release */,
			);
			defaultConfigurationIsVisible = 0;
			defaultConfigurationName = Release;
		};
		10704E36235E434E0093FA4C /* Build configuration list for PBXNativeTarget "Komoot" */ = {
			isa = XCConfigurationList;
			buildConfigurations = (
				10704E37235E434E0093FA4C /* Debug */,
				10704E38235E434E0093FA4C /* Release */,
			);
			defaultConfigurationIsVisible = 0;
			defaultConfigurationName = Release;
		};
/* End XCConfigurationList section */
	};
	rootObject = 10704E1A235E434D0093FA4C /* Project object */;
}
